<?xml version="1.0" encoding="UTF-8"?>
<CodeBlocks_project_file>
	<FileVersion major="1" minor="6"/>
	<Project>
		<Option title="WorldIMaker"/>
		<Option makefile_is_custom="1"/>
		<Option compiler="gcc"/>
		<Option virtualFolders="CMake Files\;CMake Files\..\;CMake Files\..\..\;CMake Files\..\..\..\;CMake Files\..\..\..\..\;CMake Files\..\..\..\..\..\;CMake Files\..\..\..\..\..\..\;CMake Files\..\..\..\..\..\..\usr\;CMake Files\..\..\..\..\..\..\usr\local\;CMake Files\..\..\..\..\..\..\usr\local\lib\;CMake Files\..\..\..\..\..\..\usr\local\lib\cmake\;CMake Files\..\..\..\..\..\..\usr\local\lib\cmake\SDL2\;CMake Files\..\..\..\..\..\..\usr\local\lib\cmake\glew\;CMake Files\..\..\..\..\..\..\usr\local\share\;CMake Files\..\..\..\..\..\..\usr\local\share\eigen3\;CMake Files\..\..\..\..\..\..\usr\local\share\eigen3\cmake\;CMake Files\libs\;CMake Files\libs\glimac\;CMake Files\libs\imgui\;CMake Files\doc\;"/>
		<Build>
			<Target title="all">
				<Option working_dir="/Users/brice/Documents/IMAC/projet-imaker/IMAC2-OGL-PROJET"/>
				<Option type="4"/>
				<MakeCommands>
					<Build command="/usr/bin/make -f &quot;/Users/brice/Documents/IMAC/projet-imaker/IMAC2-OGL-PROJET/Makefile&quot;  VERBOSE=1 all"/>
					<CompileFile command="/usr/bin/make -f &quot;/Users/brice/Documents/IMAC/projet-imaker/IMAC2-OGL-PROJET/Makefile&quot;  VERBOSE=1 &quot;$file&quot;"/>
					<Clean command="/usr/bin/make -f &quot;/Users/brice/Documents/IMAC/projet-imaker/IMAC2-OGL-PROJET/Makefile&quot;  VERBOSE=1 clean"/>
					<DistClean command="/usr/bin/make -f &quot;/Users/brice/Documents/IMAC/projet-imaker/IMAC2-OGL-PROJET/Makefile&quot;  VERBOSE=1 clean"/>
				</MakeCommands>
			</Target>
			<Target title="rebuild_cache">
				<Option working_dir="/Users/brice/Documents/IMAC/projet-imaker/IMAC2-OGL-PROJET"/>
				<Option type="4"/>
				<MakeCommands>
					<Build command="/usr/bin/make -f &quot;/Users/brice/Documents/IMAC/projet-imaker/IMAC2-OGL-PROJET/Makefile&quot;  VERBOSE=1 rebuild_cache"/>
					<CompileFile command="/usr/bin/make -f &quot;/Users/brice/Documents/IMAC/projet-imaker/IMAC2-OGL-PROJET/Makefile&quot;  VERBOSE=1 &quot;$file&quot;"/>
					<Clean command="/usr/bin/make -f &quot;/Users/brice/Documents/IMAC/projet-imaker/IMAC2-OGL-PROJET/Makefile&quot;  VERBOSE=1 clean"/>
					<DistClean command="/usr/bin/make -f &quot;/Users/brice/Documents/IMAC/projet-imaker/IMAC2-OGL-PROJET/Makefile&quot;  VERBOSE=1 clean"/>
				</MakeCommands>
			</Target>
			<Target title="edit_cache">
				<Option working_dir="/Users/brice/Documents/IMAC/projet-imaker/IMAC2-OGL-PROJET"/>
				<Option type="4"/>
				<MakeCommands>
					<Build command="/usr/bin/make -f &quot;/Users/brice/Documents/IMAC/projet-imaker/IMAC2-OGL-PROJET/Makefile&quot;  VERBOSE=1 edit_cache"/>
					<CompileFile command="/usr/bin/make -f &quot;/Users/brice/Documents/IMAC/projet-imaker/IMAC2-OGL-PROJET/Makefile&quot;  VERBOSE=1 &quot;$file&quot;"/>
					<Clean command="/usr/bin/make -f &quot;/Users/brice/Documents/IMAC/projet-imaker/IMAC2-OGL-PROJET/Makefile&quot;  VERBOSE=1 clean"/>
					<DistClean command="/usr/bin/make -f &quot;/Users/brice/Documents/IMAC/projet-imaker/IMAC2-OGL-PROJET/Makefile&quot;  VERBOSE=1 clean"/>
				</MakeCommands>
			</Target>
			<Target title="WorldIMaker">
				<Option output="/Users/brice/Documents/IMAC/projet-imaker/IMAC2-OGL-PROJET/bin/Debug/WorldIMaker" prefix_auto="0" extension_auto="0"/>
				<Option working_dir="bin/Debug"/>
				<Option object_output="./"/>
				<Option type="1"/>
				<Option compiler="gcc"/>
				<Compiler>
					<Add directory="/usr/local/include"/>
					<Add directory="/usr/local/Cellar/sdl2/2.0.10/include/SDL2"/>
					<Add directory="/Library/Developer/CommandLineTools/SDKs/MacOSX10.15.sdk/System/Library/Frameworks/OpenGL.framework"/>
					<Add directory="/usr/local/include/eigen3"/>
					<Add directory="/Users/brice/Documents/IMAC/projet-imaker/IMAC2-OGL-PROJET/libs/glimac/include"/>
					<Add directory="/Users/brice/Documents/IMAC/projet-imaker/IMAC2-OGL-PROJET/libs/imgui/include"/>
					<Add directory="/Users/brice/Documents/IMAC/projet-imaker/IMAC2-OGL-PROJET/libs"/>
				</Compiler>
				<MakeCommands>
					<Build command="/usr/bin/make -f &quot;/Users/brice/Documents/IMAC/projet-imaker/IMAC2-OGL-PROJET/Makefile&quot;  VERBOSE=1 WorldIMaker"/>
					<CompileFile command="/usr/bin/make -f &quot;/Users/brice/Documents/IMAC/projet-imaker/IMAC2-OGL-PROJET/Makefile&quot;  VERBOSE=1 &quot;$file&quot;"/>
					<Clean command="/usr/bin/make -f &quot;/Users/brice/Documents/IMAC/projet-imaker/IMAC2-OGL-PROJET/Makefile&quot;  VERBOSE=1 clean"/>
					<DistClean command="/usr/bin/make -f &quot;/Users/brice/Documents/IMAC/projet-imaker/IMAC2-OGL-PROJET/Makefile&quot;  VERBOSE=1 clean"/>
				</MakeCommands>
			</Target>
			<Target title="WorldIMaker/fast">
				<Option output="/Users/brice/Documents/IMAC/projet-imaker/IMAC2-OGL-PROJET/bin/Debug/WorldIMaker" prefix_auto="0" extension_auto="0"/>
				<Option working_dir="bin/Debug"/>
				<Option object_output="./"/>
				<Option type="1"/>
				<Option compiler="gcc"/>
				<Compiler>
					<Add directory="/usr/local/include"/>
					<Add directory="/usr/local/Cellar/sdl2/2.0.10/include/SDL2"/>
					<Add directory="/Library/Developer/CommandLineTools/SDKs/MacOSX10.15.sdk/System/Library/Frameworks/OpenGL.framework"/>
					<Add directory="/usr/local/include/eigen3"/>
					<Add directory="/Users/brice/Documents/IMAC/projet-imaker/IMAC2-OGL-PROJET/libs/glimac/include"/>
					<Add directory="/Users/brice/Documents/IMAC/projet-imaker/IMAC2-OGL-PROJET/libs/imgui/include"/>
					<Add directory="/Users/brice/Documents/IMAC/projet-imaker/IMAC2-OGL-PROJET/libs"/>
				</Compiler>
				<MakeCommands>
					<Build command="/usr/bin/make -f &quot;/Users/brice/Documents/IMAC/projet-imaker/IMAC2-OGL-PROJET/Makefile&quot;  VERBOSE=1 WorldIMaker/fast"/>
					<CompileFile command="/usr/bin/make -f &quot;/Users/brice/Documents/IMAC/projet-imaker/IMAC2-OGL-PROJET/Makefile&quot;  VERBOSE=1 &quot;$file&quot;"/>
					<Clean command="/usr/bin/make -f &quot;/Users/brice/Documents/IMAC/projet-imaker/IMAC2-OGL-PROJET/Makefile&quot;  VERBOSE=1 clean"/>
					<DistClean command="/usr/bin/make -f &quot;/Users/brice/Documents/IMAC/projet-imaker/IMAC2-OGL-PROJET/Makefile&quot;  VERBOSE=1 clean"/>
				</MakeCommands>
			</Target>
			<Target title="glimac">
				<Option output="/Users/brice/Documents/IMAC/projet-imaker/IMAC2-OGL-PROJET/libs/glimac/libglimac.a" prefix_auto="0" extension_auto="0"/>
				<Option working_dir="/Users/brice/Documents/IMAC/projet-imaker/IMAC2-OGL-PROJET/libs/glimac"/>
				<Option object_output="./"/>
				<Option type="2"/>
				<Option compiler="gcc"/>
				<Compiler>
					<Add directory="/usr/local/include"/>
					<Add directory="/usr/local/Cellar/sdl2/2.0.10/include/SDL2"/>
					<Add directory="/Library/Developer/CommandLineTools/SDKs/MacOSX10.15.sdk/System/Library/Frameworks/OpenGL.framework"/>
					<Add directory="/usr/local/include/eigen3"/>
					<Add directory="/Users/brice/Documents/IMAC/projet-imaker/IMAC2-OGL-PROJET/libs/glimac/include"/>
					<Add directory="/Users/brice/Documents/IMAC/projet-imaker/IMAC2-OGL-PROJET/libs/imgui/include"/>
					<Add directory="/Users/brice/Documents/IMAC/projet-imaker/IMAC2-OGL-PROJET/libs"/>
				</Compiler>
				<MakeCommands>
					<Build command="/usr/bin/make -f &quot;/Users/brice/Documents/IMAC/projet-imaker/IMAC2-OGL-PROJET/libs/glimac/Makefile&quot;  VERBOSE=1 glimac"/>
					<CompileFile command="/usr/bin/make -f &quot;/Users/brice/Documents/IMAC/projet-imaker/IMAC2-OGL-PROJET/libs/glimac/Makefile&quot;  VERBOSE=1 &quot;$file&quot;"/>
					<Clean command="/usr/bin/make -f &quot;/Users/brice/Documents/IMAC/projet-imaker/IMAC2-OGL-PROJET/libs/glimac/Makefile&quot;  VERBOSE=1 clean"/>
					<DistClean command="/usr/bin/make -f &quot;/Users/brice/Documents/IMAC/projet-imaker/IMAC2-OGL-PROJET/libs/glimac/Makefile&quot;  VERBOSE=1 clean"/>
				</MakeCommands>
			</Target>
			<Target title="glimac/fast">
				<Option output="/Users/brice/Documents/IMAC/projet-imaker/IMAC2-OGL-PROJET/libs/glimac/libglimac.a" prefix_auto="0" extension_auto="0"/>
				<Option working_dir="/Users/brice/Documents/IMAC/projet-imaker/IMAC2-OGL-PROJET/libs/glimac"/>
				<Option object_output="./"/>
				<Option type="2"/>
				<Option compiler="gcc"/>
				<Compiler>
					<Add directory="/usr/local/include"/>
					<Add directory="/usr/local/Cellar/sdl2/2.0.10/include/SDL2"/>
					<Add directory="/Library/Developer/CommandLineTools/SDKs/MacOSX10.15.sdk/System/Library/Frameworks/OpenGL.framework"/>
					<Add directory="/usr/local/include/eigen3"/>
					<Add directory="/Users/brice/Documents/IMAC/projet-imaker/IMAC2-OGL-PROJET/libs/glimac/include"/>
					<Add directory="/Users/brice/Documents/IMAC/projet-imaker/IMAC2-OGL-PROJET/libs/imgui/include"/>
					<Add directory="/Users/brice/Documents/IMAC/projet-imaker/IMAC2-OGL-PROJET/libs"/>
				</Compiler>
				<MakeCommands>
					<Build command="/usr/bin/make -f &quot;/Users/brice/Documents/IMAC/projet-imaker/IMAC2-OGL-PROJET/libs/glimac/Makefile&quot;  VERBOSE=1 glimac/fast"/>
					<CompileFile command="/usr/bin/make -f &quot;/Users/brice/Documents/IMAC/projet-imaker/IMAC2-OGL-PROJET/libs/glimac/Makefile&quot;  VERBOSE=1 &quot;$file&quot;"/>
					<Clean command="/usr/bin/make -f &quot;/Users/brice/Documents/IMAC/projet-imaker/IMAC2-OGL-PROJET/libs/glimac/Makefile&quot;  VERBOSE=1 clean"/>
					<DistClean command="/usr/bin/make -f &quot;/Users/brice/Documents/IMAC/projet-imaker/IMAC2-OGL-PROJET/libs/glimac/Makefile&quot;  VERBOSE=1 clean"/>
				</MakeCommands>
			</Target>
			<Target title="imgui">
				<Option output="/Users/brice/Documents/IMAC/projet-imaker/IMAC2-OGL-PROJET/libs/imgui/libimgui.a" prefix_auto="0" extension_auto="0"/>
				<Option working_dir="/Users/brice/Documents/IMAC/projet-imaker/IMAC2-OGL-PROJET/libs/imgui"/>
				<Option object_output="./"/>
				<Option type="2"/>
				<Option compiler="gcc"/>
				<Compiler>
					<Add directory="/usr/local/include"/>
					<Add directory="/usr/local/Cellar/sdl2/2.0.10/include/SDL2"/>
					<Add directory="/Library/Developer/CommandLineTools/SDKs/MacOSX10.15.sdk/System/Library/Frameworks/OpenGL.framework"/>
					<Add directory="/usr/local/include/eigen3"/>
					<Add directory="/Users/brice/Documents/IMAC/projet-imaker/IMAC2-OGL-PROJET/libs/glimac/include"/>
					<Add directory="/Users/brice/Documents/IMAC/projet-imaker/IMAC2-OGL-PROJET/libs/imgui/include"/>
					<Add directory="/Users/brice/Documents/IMAC/projet-imaker/IMAC2-OGL-PROJET/libs"/>
				</Compiler>
				<MakeCommands>
					<Build command="/usr/bin/make -f &quot;/Users/brice/Documents/IMAC/projet-imaker/IMAC2-OGL-PROJET/libs/imgui/Makefile&quot;  VERBOSE=1 imgui"/>
					<CompileFile command="/usr/bin/make -f &quot;/Users/brice/Documents/IMAC/projet-imaker/IMAC2-OGL-PROJET/libs/imgui/Makefile&quot;  VERBOSE=1 &quot;$file&quot;"/>
					<Clean command="/usr/bin/make -f &quot;/Users/brice/Documents/IMAC/projet-imaker/IMAC2-OGL-PROJET/libs/imgui/Makefile&quot;  VERBOSE=1 clean"/>
					<DistClean command="/usr/bin/make -f &quot;/Users/brice/Documents/IMAC/projet-imaker/IMAC2-OGL-PROJET/libs/imgui/Makefile&quot;  VERBOSE=1 clean"/>
				</MakeCommands>
			</Target>
			<Target title="imgui/fast">
				<Option output="/Users/brice/Documents/IMAC/projet-imaker/IMAC2-OGL-PROJET/libs/imgui/libimgui.a" prefix_auto="0" extension_auto="0"/>
				<Option working_dir="/Users/brice/Documents/IMAC/projet-imaker/IMAC2-OGL-PROJET/libs/imgui"/>
				<Option object_output="./"/>
				<Option type="2"/>
				<Option compiler="gcc"/>
				<Compiler>
					<Add directory="/usr/local/include"/>
					<Add directory="/usr/local/Cellar/sdl2/2.0.10/include/SDL2"/>
					<Add directory="/Library/Developer/CommandLineTools/SDKs/MacOSX10.15.sdk/System/Library/Frameworks/OpenGL.framework"/>
					<Add directory="/usr/local/include/eigen3"/>
					<Add directory="/Users/brice/Documents/IMAC/projet-imaker/IMAC2-OGL-PROJET/libs/glimac/include"/>
					<Add directory="/Users/brice/Documents/IMAC/projet-imaker/IMAC2-OGL-PROJET/libs/imgui/include"/>
					<Add directory="/Users/brice/Documents/IMAC/projet-imaker/IMAC2-OGL-PROJET/libs"/>
				</Compiler>
				<MakeCommands>
					<Build command="/usr/bin/make -f &quot;/Users/brice/Documents/IMAC/projet-imaker/IMAC2-OGL-PROJET/libs/imgui/Makefile&quot;  VERBOSE=1 imgui/fast"/>
					<CompileFile command="/usr/bin/make -f &quot;/Users/brice/Documents/IMAC/projet-imaker/IMAC2-OGL-PROJET/libs/imgui/Makefile&quot;  VERBOSE=1 &quot;$file&quot;"/>
					<Clean command="/usr/bin/make -f &quot;/Users/brice/Documents/IMAC/projet-imaker/IMAC2-OGL-PROJET/libs/imgui/Makefile&quot;  VERBOSE=1 clean"/>
					<DistClean command="/usr/bin/make -f &quot;/Users/brice/Documents/IMAC/projet-imaker/IMAC2-OGL-PROJET/libs/imgui/Makefile&quot;  VERBOSE=1 clean"/>
				</MakeCommands>
			</Target>
			<Target title="html">
				<Option working_dir="/Users/brice/Documents/IMAC/projet-imaker/IMAC2-OGL-PROJET/doc"/>
				<Option type="4"/>
				<MakeCommands>
					<Build command="/usr/bin/make -f &quot;/Users/brice/Documents/IMAC/projet-imaker/IMAC2-OGL-PROJET/doc/Makefile&quot;  VERBOSE=1 html"/>
					<CompileFile command="/usr/bin/make -f &quot;/Users/brice/Documents/IMAC/projet-imaker/IMAC2-OGL-PROJET/doc/Makefile&quot;  VERBOSE=1 &quot;$file&quot;"/>
					<Clean command="/usr/bin/make -f &quot;/Users/brice/Documents/IMAC/projet-imaker/IMAC2-OGL-PROJET/doc/Makefile&quot;  VERBOSE=1 clean"/>
					<DistClean command="/usr/bin/make -f &quot;/Users/brice/Documents/IMAC/projet-imaker/IMAC2-OGL-PROJET/doc/Makefile&quot;  VERBOSE=1 clean"/>
				</MakeCommands>
			</Target>
		</Build>
		<Unit filename="/Users/brice/Documents/IMAC/projet-imaker/IMAC2-OGL-PROJET/assets/shaders/3D.vs.glsl">
			<Option target="WorldIMaker"/>
		</Unit>
		<Unit filename="/Users/brice/Documents/IMAC/projet-imaker/IMAC2-OGL-PROJET/assets/shaders/cubeShader/cubeTexture.fs.glsl">
			<Option target="WorldIMaker"/>
		</Unit>
		<Unit filename="/Users/brice/Documents/IMAC/projet-imaker/IMAC2-OGL-PROJET/assets/shaders/cubeShader/normal.fs.glsl">
			<Option target="WorldIMaker"/>
		</Unit>
		<Unit filename="/Users/brice/Documents/IMAC/projet-imaker/IMAC2-OGL-PROJET/assets/shaders/cursorShader/cursorEdges.fs.glsl">
			<Option target="WorldIMaker"/>
		</Unit>
		<Unit filename="/Users/brice/Documents/IMAC/projet-imaker/IMAC2-OGL-PROJET/assets/shaders/lightShader/cubeLighted.fs.glsl">
			<Option target="WorldIMaker"/>
		</Unit>
		<Unit filename="/Users/brice/Documents/IMAC/projet-imaker/IMAC2-OGL-PROJET/assets/shaders/lightShader/directionallight.fs.glsl">
			<Option target="WorldIMaker"/>
		</Unit>
		<Unit filename="/Users/brice/Documents/IMAC/projet-imaker/IMAC2-OGL-PROJET/assets/shaders/lightShader/pointlight.fs.glsl">
			<Option target="WorldIMaker"/>
		</Unit>
		<Unit filename="/Users/brice/Documents/IMAC/projet-imaker/IMAC2-OGL-PROJET/include/Grid.hpp">
			<Option target="WorldIMaker"/>
		</Unit>
		<Unit filename="/Users/brice/Documents/IMAC/projet-imaker/IMAC2-OGL-PROJET/include/Interface.hpp">
			<Option target="WorldIMaker"/>
		</Unit>
		<Unit filename="/Users/brice/Documents/IMAC/projet-imaker/IMAC2-OGL-PROJET/include/Save.hpp">
			<Option target="WorldIMaker"/>
		</Unit>
		<Unit filename="/Users/brice/Documents/IMAC/projet-imaker/IMAC2-OGL-PROJET/include/TrackballCamera.hpp">
			<Option target="WorldIMaker"/>
		</Unit>
		<Unit filename="/Users/brice/Documents/IMAC/projet-imaker/IMAC2-OGL-PROJET/include/cube.hpp">
			<Option target="WorldIMaker"/>
		</Unit>
		<Unit filename="/Users/brice/Documents/IMAC/projet-imaker/IMAC2-OGL-PROJET/include/cursor.hpp">
			<Option target="WorldIMaker"/>
		</Unit>
		<Unit filename="/Users/brice/Documents/IMAC/projet-imaker/IMAC2-OGL-PROJET/include/homeDoxygen.hpp">
			<Option target="WorldIMaker"/>
		</Unit>
		<Unit filename="/Users/brice/Documents/IMAC/projet-imaker/IMAC2-OGL-PROJET/include/light.hpp">
			<Option target="WorldIMaker"/>
		</Unit>
		<Unit filename="/Users/brice/Documents/IMAC/projet-imaker/IMAC2-OGL-PROJET/libs/glimac/include/BBox.hpp">
			<Option target="glimac"/>
		</Unit>
		<Unit filename="/Users/brice/Documents/IMAC/projet-imaker/IMAC2-OGL-PROJET/libs/glimac/include/FilePath.hpp">
			<Option target="glimac"/>
		</Unit>
		<Unit filename="/Users/brice/Documents/IMAC/projet-imaker/IMAC2-OGL-PROJET/libs/glimac/include/Geometry.hpp">
			<Option target="glimac"/>
		</Unit>
		<Unit filename="/Users/brice/Documents/IMAC/projet-imaker/IMAC2-OGL-PROJET/libs/glimac/include/Image.hpp">
			<Option target="glimac"/>
		</Unit>
		<Unit filename="/Users/brice/Documents/IMAC/projet-imaker/IMAC2-OGL-PROJET/libs/glimac/include/Program.hpp">
			<Option target="glimac"/>
		</Unit>
		<Unit filename="/Users/brice/Documents/IMAC/projet-imaker/IMAC2-OGL-PROJET/libs/glimac/include/SDLWindowManager.hpp">
			<Option target="glimac"/>
		</Unit>
		<Unit filename="/Users/brice/Documents/IMAC/projet-imaker/IMAC2-OGL-PROJET/libs/glimac/include/Shader.hpp">
			<Option target="glimac"/>
		</Unit>
		<Unit filename="/Users/brice/Documents/IMAC/projet-imaker/IMAC2-OGL-PROJET/libs/glimac/include/common.hpp">
			<Option target="glimac"/>
		</Unit>
		<Unit filename="/Users/brice/Documents/IMAC/projet-imaker/IMAC2-OGL-PROJET/libs/glimac/include/glm.hpp">
			<Option target="glimac"/>
		</Unit>
		<Unit filename="/Users/brice/Documents/IMAC/projet-imaker/IMAC2-OGL-PROJET/libs/glimac/src/Geometry.cpp">
			<Option target="glimac"/>
		</Unit>
		<Unit filename="/Users/brice/Documents/IMAC/projet-imaker/IMAC2-OGL-PROJET/libs/glimac/src/Image.cpp">
			<Option target="glimac"/>
		</Unit>
		<Unit filename="/Users/brice/Documents/IMAC/projet-imaker/IMAC2-OGL-PROJET/libs/glimac/src/Program.cpp">
			<Option target="glimac"/>
		</Unit>
		<Unit filename="/Users/brice/Documents/IMAC/projet-imaker/IMAC2-OGL-PROJET/libs/glimac/src/SDLWindowManager.cpp">
			<Option target="glimac"/>
		</Unit>
		<Unit filename="/Users/brice/Documents/IMAC/projet-imaker/IMAC2-OGL-PROJET/libs/glimac/src/Shader.cpp">
			<Option target="glimac"/>
		</Unit>
		<Unit filename="/Users/brice/Documents/IMAC/projet-imaker/IMAC2-OGL-PROJET/libs/glimac/src/tiny_obj_loader.cpp">
			<Option target="glimac"/>
		</Unit>
		<Unit filename="/Users/brice/Documents/IMAC/projet-imaker/IMAC2-OGL-PROJET/libs/glimac/src/tiny_obj_loader.h">
			<Option target="glimac"/>
		</Unit>
		<Unit filename="/Users/brice/Documents/IMAC/projet-imaker/IMAC2-OGL-PROJET/libs/imgui/src/imgui.cpp">
			<Option target="imgui"/>
		</Unit>
		<Unit filename="/Users/brice/Documents/IMAC/projet-imaker/IMAC2-OGL-PROJET/libs/imgui/src/imgui_demo.cpp">
			<Option target="imgui"/>
		</Unit>
		<Unit filename="/Users/brice/Documents/IMAC/projet-imaker/IMAC2-OGL-PROJET/libs/imgui/src/imgui_draw.cpp">
			<Option target="imgui"/>
		</Unit>
		<Unit filename="/Users/brice/Documents/IMAC/projet-imaker/IMAC2-OGL-PROJET/libs/imgui/src/imgui_impl_opengl3.cpp">
			<Option target="imgui"/>
		</Unit>
		<Unit filename="/Users/brice/Documents/IMAC/projet-imaker/IMAC2-OGL-PROJET/libs/imgui/src/imgui_impl_sdl.cpp">
			<Option target="imgui"/>
		</Unit>
		<Unit filename="/Users/brice/Documents/IMAC/projet-imaker/IMAC2-OGL-PROJET/libs/imgui/src/imgui_widgets.cpp">
			<Option target="imgui"/>
		</Unit>
		<Unit filename="/Users/brice/Documents/IMAC/projet-imaker/IMAC2-OGL-PROJET/src/Grid.cpp">
			<Option target="WorldIMaker"/>
		</Unit>
		<Unit filename="/Users/brice/Documents/IMAC/projet-imaker/IMAC2-OGL-PROJET/src/Interface.cpp">
			<Option target="WorldIMaker"/>
		</Unit>
		<Unit filename="/Users/brice/Documents/IMAC/projet-imaker/IMAC2-OGL-PROJET/src/Interpolation.cpp">
			<Option target="WorldIMaker"/>
		</Unit>
		<Unit filename="/Users/brice/Documents/IMAC/projet-imaker/IMAC2-OGL-PROJET/src/Save.cpp">
			<Option target="WorldIMaker"/>
		</Unit>
		<Unit filename="/Users/brice/Documents/IMAC/projet-imaker/IMAC2-OGL-PROJET/src/TrackballCamera.cpp">
			<Option target="WorldIMaker"/>
		</Unit>
		<Unit filename="/Users/brice/Documents/IMAC/projet-imaker/IMAC2-OGL-PROJET/src/cube.cpp">
			<Option target="WorldIMaker"/>
		</Unit>
		<Unit filename="/Users/brice/Documents/IMAC/projet-imaker/IMAC2-OGL-PROJET/src/cursor.cpp">
			<Option target="WorldIMaker"/>
		</Unit>
		<Unit filename="/Users/brice/Documents/IMAC/projet-imaker/IMAC2-OGL-PROJET/src/light.cpp">
			<Option target="WorldIMaker"/>
		</Unit>
		<Unit filename="/Users/brice/Documents/IMAC/projet-imaker/IMAC2-OGL-PROJET/src/main.cpp">
			<Option target="WorldIMaker"/>
		</Unit>
		<Unit filename="/Users/brice/Documents/IMAC/projet-imaker/IMAC2-OGL-PROJET/CMakeLists.txt">
			<Option virtualFolder="CMake Files\"/>
		</Unit>
		<Unit filename="/Users/brice/Documents/IMAC/projet-imaker/IMAC2-OGL-PROJET/../../../../../../usr/local/lib/cmake/SDL2/sdl2-config.cmake">
			<Option virtualFolder="CMake Files\..\..\..\..\..\..\usr\local\lib\cmake\SDL2\"/>
		</Unit>
		<Unit filename="/Users/brice/Documents/IMAC/projet-imaker/IMAC2-OGL-PROJET/../../../../../../usr/local/lib/cmake/glew/CopyImportedTargetProperties.cmake">
			<Option virtualFolder="CMake Files\..\..\..\..\..\..\usr\local\lib\cmake\glew\"/>
		</Unit>
		<Unit filename="/Users/brice/Documents/IMAC/projet-imaker/IMAC2-OGL-PROJET/../../../../../../usr/local/lib/cmake/glew/glew-config.cmake">
			<Option virtualFolder="CMake Files\..\..\..\..\..\..\usr\local\lib\cmake\glew\"/>
		</Unit>
		<Unit filename="/Users/brice/Documents/IMAC/projet-imaker/IMAC2-OGL-PROJET/../../../../../../usr/local/lib/cmake/glew/glew-targets-release.cmake">
			<Option virtualFolder="CMake Files\..\..\..\..\..\..\usr\local\lib\cmake\glew\"/>
		</Unit>
		<Unit filename="/Users/brice/Documents/IMAC/projet-imaker/IMAC2-OGL-PROJET/../../../../../../usr/local/lib/cmake/glew/glew-targets.cmake">
			<Option virtualFolder="CMake Files\..\..\..\..\..\..\usr\local\lib\cmake\glew\"/>
		</Unit>
		<Unit filename="/Users/brice/Documents/IMAC/projet-imaker/IMAC2-OGL-PROJET/../../../../../../usr/local/share/eigen3/cmake/Eigen3Config.cmake">
			<Option virtualFolder="CMake Files\..\..\..\..\..\..\usr\local\share\eigen3\cmake\"/>
		</Unit>
		<Unit filename="/Users/brice/Documents/IMAC/projet-imaker/IMAC2-OGL-PROJET/../../../../../../usr/local/share/eigen3/cmake/Eigen3ConfigVersion.cmake">
			<Option virtualFolder="CMake Files\..\..\..\..\..\..\usr\local\share\eigen3\cmake\"/>
		</Unit>
		<Unit filename="/Users/brice/Documents/IMAC/projet-imaker/IMAC2-OGL-PROJET/../../../../../../usr/local/share/eigen3/cmake/Eigen3Targets.cmake">
			<Option virtualFolder="CMake Files\..\..\..\..\..\..\usr\local\share\eigen3\cmake\"/>
		</Unit>
		<Unit filename="/Users/brice/Documents/IMAC/projet-imaker/IMAC2-OGL-PROJET/libs/glimac/CMakeLists.txt">
			<Option virtualFolder="CMake Files\libs\glimac\"/>
		</Unit>
		<Unit filename="/Users/brice/Documents/IMAC/projet-imaker/IMAC2-OGL-PROJET/libs/imgui/CMakeLists.txt">
			<Option virtualFolder="CMake Files\libs\imgui\"/>
		</Unit>
		<Unit filename="/Users/brice/Documents/IMAC/projet-imaker/IMAC2-OGL-PROJET/doc/CMakeLists.txt">
			<Option virtualFolder="CMake Files\doc\"/>
		</Unit>
		<Unit filename="/Users/brice/Documents/IMAC/projet-imaker/IMAC2-OGL-PROJET/doc/Doxyfile-html.cmake">
			<Option virtualFolder="CMake Files\doc\"/>
		</Unit>
	</Project>
</CodeBlocks_project_file>
